// !$*UTF8*$!
{
	archiveVersion = 1;
	classes = {
	};
	objectVersion = 55;
	objects = {

/* Begin PBXBuildFile section */
		19597BB727CF6BCD00B246BC /* LocWeather.swift in Sources */ = {isa = PBXBuildFile; fileRef = 19597BB627CF6BCD00B246BC /* LocWeather.swift */; };
		196E492127C613F20066233E /* AppDelegate.swift in Sources */ = {isa = PBXBuildFile; fileRef = 196E492027C613F20066233E /* AppDelegate.swift */; };
		196E492327C613F20066233E /* SceneDelegate.swift in Sources */ = {isa = PBXBuildFile; fileRef = 196E492227C613F20066233E /* SceneDelegate.swift */; };
		196E492827C613F20066233E /* Main.storyboard in Resources */ = {isa = PBXBuildFile; fileRef = 196E492627C613F20066233E /* Main.storyboard */; };
		196E492A27C613F30066233E /* Assets.xcassets in Resources */ = {isa = PBXBuildFile; fileRef = 196E492927C613F30066233E /* Assets.xcassets */; };
		196E492D27C613F30066233E /* LaunchScreen.storyboard in Resources */ = {isa = PBXBuildFile; fileRef = 196E492B27C613F30066233E /* LaunchScreen.storyboard */; };
		196E493827C613F30066233E /* AccuweatherTests.swift in Sources */ = {isa = PBXBuildFile; fileRef = 196E493727C613F30066233E /* AccuweatherTests.swift */; };
		196E494227C613F30066233E /* AccuweatherUITests.swift in Sources */ = {isa = PBXBuildFile; fileRef = 196E494127C613F30066233E /* AccuweatherUITests.swift */; };
		196E494427C613F30066233E /* AccuweatherUITestsLaunchTests.swift in Sources */ = {isa = PBXBuildFile; fileRef = 196E494327C613F30066233E /* AccuweatherUITestsLaunchTests.swift */; };
		196E495127C6152C0066233E /* ViewController.swift in Sources */ = {isa = PBXBuildFile; fileRef = 196E495027C6152C0066233E /* ViewController.swift */; };
		196E495327C6174D0066233E /* Weather.swift in Sources */ = {isa = PBXBuildFile; fileRef = 196E495227C6174D0066233E /* Weather.swift */; };
		196E495527C625730066233E /* DetailViewController.swift in Sources */ = {isa = PBXBuildFile; fileRef = 196E495427C625730066233E /* DetailViewController.swift */; };
		196E495727C651ED0066233E /* DetailViewCell.swift in Sources */ = {isa = PBXBuildFile; fileRef = 196E495627C651ED0066233E /* DetailViewCell.swift */; };
		1979636E27CCEE2100FE6718 /* Forecasts.swift in Sources */ = {isa = PBXBuildFile; fileRef = 1979636D27CCEE2100FE6718 /* Forecasts.swift */; };
/* End PBXBuildFile section */

/* Begin PBXContainerItemProxy section */
		196E493427C613F30066233E /* PBXContainerItemProxy */ = {
			isa = PBXContainerItemProxy;
			containerPortal = 196E491527C613F20066233E /* Project object */;
			proxyType = 1;
			remoteGlobalIDString = 196E491C27C613F20066233E;
			remoteInfo = Accuweather;
		};
		196E493E27C613F30066233E /* PBXContainerItemProxy */ = {
			isa = PBXContainerItemProxy;
			containerPortal = 196E491527C613F20066233E /* Project object */;
			proxyType = 1;
			remoteGlobalIDString = 196E491C27C613F20066233E;
			remoteInfo = Accuweather;
		};
/* End PBXContainerItemProxy section */

/* Begin PBXFileReference section */
		19597BB627CF6BCD00B246BC /* LocWeather.swift */ = {isa = PBXFileReference; fileEncoding = 4; lastKnownFileType = sourcecode.swift; path = LocWeather.swift; sourceTree = "<group>"; };
		196E491D27C613F20066233E /* Accuweather.app */ = {isa = PBXFileReference; explicitFileType = wrapper.application; includeInIndex = 0; path = Accuweather.app; sourceTree = BUILT_PRODUCTS_DIR; };
		196E492027C613F20066233E /* AppDelegate.swift */ = {isa = PBXFileReference; lastKnownFileType = sourcecode.swift; path = AppDelegate.swift; sourceTree = "<group>"; };
		196E492227C613F20066233E /* SceneDelegate.swift */ = {isa = PBXFileReference; lastKnownFileType = sourcecode.swift; path = SceneDelegate.swift; sourceTree = "<group>"; };
		196E492727C613F20066233E /* Base */ = {isa = PBXFileReference; lastKnownFileType = file.storyboard; name = Base; path = Base.lproj/Main.storyboard; sourceTree = "<group>"; };
		196E492927C613F30066233E /* Assets.xcassets */ = {isa = PBXFileReference; lastKnownFileType = folder.assetcatalog; path = Assets.xcassets; sourceTree = "<group>"; };
		196E492C27C613F30066233E /* Base */ = {isa = PBXFileReference; lastKnownFileType = file.storyboard; name = Base; path = Base.lproj/LaunchScreen.storyboard; sourceTree = "<group>"; };
		196E492E27C613F30066233E /* Info.plist */ = {isa = PBXFileReference; lastKnownFileType = text.plist.xml; path = Info.plist; sourceTree = "<group>"; };
		196E493327C613F30066233E /* AccuweatherTests.xctest */ = {isa = PBXFileReference; explicitFileType = wrapper.cfbundle; includeInIndex = 0; path = AccuweatherTests.xctest; sourceTree = BUILT_PRODUCTS_DIR; };
		196E493727C613F30066233E /* AccuweatherTests.swift */ = {isa = PBXFileReference; lastKnownFileType = sourcecode.swift; path = AccuweatherTests.swift; sourceTree = "<group>"; };
		196E493D27C613F30066233E /* AccuweatherUITests.xctest */ = {isa = PBXFileReference; explicitFileType = wrapper.cfbundle; includeInIndex = 0; path = AccuweatherUITests.xctest; sourceTree = BUILT_PRODUCTS_DIR; };
		196E494127C613F30066233E /* AccuweatherUITests.swift */ = {isa = PBXFileReference; lastKnownFileType = sourcecode.swift; path = AccuweatherUITests.swift; sourceTree = "<group>"; };
		196E494327C613F30066233E /* AccuweatherUITestsLaunchTests.swift */ = {isa = PBXFileReference; lastKnownFileType = sourcecode.swift; path = AccuweatherUITestsLaunchTests.swift; sourceTree = "<group>"; };
		196E495027C6152C0066233E /* ViewController.swift */ = {isa = PBXFileReference; lastKnownFileType = sourcecode.swift; path = ViewController.swift; sourceTree = "<group>"; };
		196E495227C6174D0066233E /* Weather.swift */ = {isa = PBXFileReference; lastKnownFileType = sourcecode.swift; path = Weather.swift; sourceTree = "<group>"; };
		196E495427C625730066233E /* DetailViewController.swift */ = {isa = PBXFileReference; lastKnownFileType = sourcecode.swift; path = DetailViewController.swift; sourceTree = "<group>"; };
		196E495627C651ED0066233E /* DetailViewCell.swift */ = {isa = PBXFileReference; lastKnownFileType = sourcecode.swift; path = DetailViewCell.swift; sourceTree = "<group>"; };
		1979636D27CCEE2100FE6718 /* Forecasts.swift */ = {isa = PBXFileReference; lastKnownFileType = sourcecode.swift; path = Forecasts.swift; sourceTree = "<group>"; };
/* End PBXFileReference section */

/* Begin PBXFrameworksBuildPhase section */
		196E491A27C613F20066233E /* Frameworks */ = {
			isa = PBXFrameworksBuildPhase;
			buildActionMask = 2147483647;
			files = (
			);
			runOnlyForDeploymentPostprocessing = 0;
		};
		196E493027C613F30066233E /* Frameworks */ = {
			isa = PBXFrameworksBuildPhase;
			buildActionMask = 2147483647;
			files = (
			);
			runOnlyForDeploymentPostprocessing = 0;
		};
		196E493A27C613F30066233E /* Frameworks */ = {
			isa = PBXFrameworksBuildPhase;
			buildActionMask = 2147483647;
			files = (
			);
			runOnlyForDeploymentPostprocessing = 0;
		};
/* End PBXFrameworksBuildPhase section */

/* Begin PBXGroup section */
		196E491427C613F20066233E = {
			isa = PBXGroup;
			children = (
				196E491F27C613F20066233E /* Accuweather */,
				196E493627C613F30066233E /* AccuweatherTests */,
				196E494027C613F30066233E /* AccuweatherUITests */,
				196E491E27C613F20066233E /* Products */,
			);
			sourceTree = "<group>";
		};
		196E491E27C613F20066233E /* Products */ = {
			isa = PBXGroup;
			children = (
				196E491D27C613F20066233E /* Accuweather.app */,
				196E493327C613F30066233E /* AccuweatherTests.xctest */,
				196E493D27C613F30066233E /* AccuweatherUITests.xctest */,
			);
			name = Products;
			sourceTree = "<group>";
		};
		196E491F27C613F20066233E /* Accuweather */ = {
			isa = PBXGroup;
			children = (
				196E492027C613F20066233E /* AppDelegate.swift */,
				196E492227C613F20066233E /* SceneDelegate.swift */,
				196E495227C6174D0066233E /* Weather.swift */,
				1979636D27CCEE2100FE6718 /* Forecasts.swift */,
				19597BB627CF6BCD00B246BC /* LocWeather.swift */,
				196E495027C6152C0066233E /* ViewController.swift */,
				196E495427C625730066233E /* DetailViewController.swift */,
				196E495627C651ED0066233E /* DetailViewCell.swift */,
				196E492627C613F20066233E /* Main.storyboard */,
				196E492927C613F30066233E /* Assets.xcassets */,
				196E492B27C613F30066233E /* LaunchScreen.storyboard */,
				196E492E27C613F30066233E /* Info.plist */,
			);
			path = Accuweather;
			sourceTree = "<group>";
		};
		196E493627C613F30066233E /* AccuweatherTests */ = {
			isa = PBXGroup;
			children = (
				196E493727C613F30066233E /* AccuweatherTests.swift */,
			);
			path = AccuweatherTests;
			sourceTree = "<group>";
		};
		196E494027C613F30066233E /* AccuweatherUITests */ = {
			isa = PBXGroup;
			children = (
				196E494127C613F30066233E /* AccuweatherUITests.swift */,
				196E494327C613F30066233E /* AccuweatherUITestsLaunchTests.swift */,
			);
			path = AccuweatherUITests;
			sourceTree = "<group>";
		};
/* End PBXGroup section */

/* Begin PBXNativeTarget section */
		196E491C27C613F20066233E /* Accuweather */ = {
			isa = PBXNativeTarget;
			buildConfigurationList = 196E494727C613F30066233E /* Build configuration list for PBXNativeTarget "Accuweather" */;
			buildPhases = (
				196E491927C613F20066233E /* Sources */,
				196E491A27C613F20066233E /* Frameworks */,
				196E491B27C613F20066233E /* Resources */,
			);
			buildRules = (
			);
			dependencies = (
			);
			name = Accuweather;
			productName = Accuweather;
			productReference = 196E491D27C613F20066233E /* Accuweather.app */;
			productType = "com.apple.product-type.application";
		};
		196E493227C613F30066233E /* AccuweatherTests */ = {
			isa = PBXNativeTarget;
			buildConfigurationList = 196E494A27C613F30066233E /* Build configuration list for PBXNativeTarget "AccuweatherTests" */;
			buildPhases = (
				196E492F27C613F30066233E /* Sources */,
				196E493027C613F30066233E /* Frameworks */,
				196E493127C613F30066233E /* Resources */,
			);
			buildRules = (
			);
			dependencies = (
				196E493527C613F30066233E /* PBXTargetDependency */,
			);
			name = AccuweatherTests;
			productName = AccuweatherTests;
			productReference = 196E493327C613F30066233E /* AccuweatherTests.xctest */;
			productType = "com.apple.product-type.bundle.unit-test";
		};
		196E493C27C613F30066233E /* AccuweatherUITests */ = {
			isa = PBXNativeTarget;
			buildConfigurationList = 196E494D27C613F30066233E /* Build configuration list for PBXNativeTarget "AccuweatherUITests" */;
			buildPhases = (
				196E493927C613F30066233E /* Sources */,
				196E493A27C613F30066233E /* Frameworks */,
				196E493B27C613F30066233E /* Resources */,
			);
			buildRules = (
			);
			dependencies = (
				196E493F27C613F30066233E /* PBXTargetDependency */,
			);
			name = AccuweatherUITests;
			productName = AccuweatherUITests;
			productReference = 196E493D27C613F30066233E /* AccuweatherUITests.xctest */;
			productType = "com.apple.product-type.bundle.ui-testing";
		};
/* End PBXNativeTarget section */

/* Begin PBXProject section */
		196E491527C613F20066233E /* Project object */ = {
			isa = PBXProject;
			attributes = {
				BuildIndependentTargetsInParallel = 1;
				LastSwiftUpdateCheck = 1310;
				LastUpgradeCheck = 1310;
				TargetAttributes = {
					196E491C27C613F20066233E = {
						CreatedOnToolsVersion = 13.1;
					};
					196E493227C613F30066233E = {
						CreatedOnToolsVersion = 13.1;
						TestTargetID = 196E491C27C613F20066233E;
					};
					196E493C27C613F30066233E = {
						CreatedOnToolsVersion = 13.1;
						TestTargetID = 196E491C27C613F20066233E;
					};
				};
			};
			buildConfigurationList = 196E491827C613F20066233E /* Build configuration list for PBXProject "Accuweather" */;
			compatibilityVersion = "Xcode 13.0";
			developmentRegion = en;
			hasScannedForEncodings = 0;
			knownRegions = (
				en,
				Base,
			);
			mainGroup = 196E491427C613F20066233E;
			productRefGroup = 196E491E27C613F20066233E /* Products */;
			projectDirPath = "";
			projectRoot = "";
			targets = (
				196E491C27C613F20066233E /* Accuweather */,
				196E493227C613F30066233E /* AccuweatherTests */,
				196E493C27C613F30066233E /* AccuweatherUITests */,
			);
		};
/* End PBXProject section */

/* Begin PBXResourcesBuildPhase section */
		196E491B27C613F20066233E /* Resources */ = {
			isa = PBXResourcesBuildPhase;
			buildActionMask = 2147483647;
			files = (
				196E492D27C613F30066233E /* LaunchScreen.storyboard in Resources */,
				196E492A27C613F30066233E /* Assets.xcassets in Resources */,
				196E492827C613F20066233E /* Main.storyboard in Resources */,
			);
			runOnlyForDeploymentPostprocessing = 0;
		};
		196E493127C613F30066233E /* Resources */ = {
			isa = PBXResourcesBuildPhase;
			buildActionMask = 2147483647;
			files = (
			);
			runOnlyForDeploymentPostprocessing = 0;
		};
		196E493B27C613F30066233E /* Resources */ = {
			isa = PBXResourcesBuildPhase;
			buildActionMask = 2147483647;
			files = (
			);
			runOnlyForDeploymentPostprocessing = 0;
		};
/* End PBXResourcesBuildPhase section */

/* Begin PBXSourcesBuildPhase section */
		196E491927C613F20066233E /* Sources */ = {
			isa = PBXSourcesBuildPhase;
			buildActionMask = 2147483647;
			files = (
				196E495327C6174D0066233E /* Weather.swift in Sources */,
				19597BB727CF6BCD00B246BC /* LocWeather.swift in Sources */,
				196E495127C6152C0066233E /* ViewController.swift in Sources */,
				1979636E27CCEE2100FE6718 /* Forecasts.swift in Sources */,
				196E495527C625730066233E /* DetailViewController.swift in Sources */,
				196E495727C651ED0066233E /* DetailViewCell.swift in Sources */,
				196E492127C613F20066233E /* AppDelegate.swift in Sources */,
				196E492327C613F20066233E /* SceneDelegate.swift in Sources */,
			);
			runOnlyForDeploymentPostprocessing = 0;
		};
		196E492F27C613F30066233E /* Sources */ = {
			isa = PBXSourcesBuildPhase;
			buildActionMask = 2147483647;
			files = (
				196E493827C613F30066233E /* AccuweatherTests.swift in Sources */,
			);
			runOnlyForDeploymentPostprocessing = 0;
		};
		196E493927C613F30066233E /* Sources */ = {
			isa = PBXSourcesBuildPhase;
			buildActionMask = 2147483647;
			files = (
				196E494227C613F30066233E /* AccuweatherUITests.swift in Sources */,
				196E494427C613F30066233E /* AccuweatherUITestsLaunchTests.swift in Sources */,
			);
			runOnlyForDeploymentPostprocessing = 0;
		};
/* End PBXSourcesBuildPhase section */

/* Begin PBXTargetDependency section */
		196E493527C613F30066233E /* PBXTargetDependency */ = {
			isa = PBXTargetDependency;
			target = 196E491C27C613F20066233E /* Accuweather */;
			targetProxy = 196E493427C613F30066233E /* PBXContainerItemProxy */;
		};
		196E493F27C613F30066233E /* PBXTargetDependency */ = {
			isa = PBXTargetDependency;
			target = 196E491C27C613F20066233E /* Accuweather */;
			targetProxy = 196E493E27C613F30066233E /* PBXContainerItemProxy */;
		};
/* End PBXTargetDependency section */

/* Begin PBXVariantGroup section */
		196E492627C613F20066233E /* Main.storyboard */ = {
			isa = PBXVariantGroup;
			children = (
				196E492727C613F20066233E /* Base */,
			);
			name = Main.storyboard;
			sourceTree = "<group>";
		};
		196E492B27C613F30066233E /* LaunchScreen.storyboard */ = {
			isa = PBXVariantGroup;
			children = (
				196E492C27C613F30066233E /* Base */,
			);
			name = LaunchScreen.storyboard;
			sourceTree = "<group>";
		};
/* End PBXVariantGroup section */

/* Begin XCBuildConfiguration section */
		196E494527C613F30066233E /* Debug */ = {
			isa = XCBuildConfiguration;
			buildSettings = {
				ALWAYS_SEARCH_USER_PATHS = NO;
				CLANG_ANALYZER_NONNULL = YES;
				CLANG_ANALYZER_NUMBER_OBJECT_CONVERSION = YES_AGGRESSIVE;
				CLANG_CXX_LANGUAGE_STANDARD = "gnu++17";
				CLANG_CXX_LIBRARY = "libc++";
				CLANG_ENABLE_MODULES = YES;
				CLANG_ENABLE_OBJC_ARC = YES;
				CLANG_ENABLE_OBJC_WEAK = YES;
				CLANG_WARN_BLOCK_CAPTURE_AUTORELEASING = YES;
				CLANG_WARN_BOOL_CONVERSION = YES;
				CLANG_WARN_COMMA = YES;
				CLANG_WARN_CONSTANT_CONVERSION = YES;
				CLANG_WARN_DEPRECATED_OBJC_IMPLEMENTATIONS = YES;
				CLANG_WARN_DIRECT_OBJC_ISA_USAGE = YES_ERROR;
				CLANG_WARN_DOCUMENTATION_COMMENTS = YES;
				CLANG_WARN_EMPTY_BODY = YES;
				CLANG_WARN_ENUM_CONVERSION = YES;
				CLANG_WARN_INFINITE_RECURSION = YES;
				CLANG_WARN_INT_CONVERSION = YES;
				CLANG_WARN_NON_LITERAL_NULL_CONVERSION = YES;
				CLANG_WARN_OBJC_IMPLICIT_RETAIN_SELF = YES;
				CLANG_WARN_OBJC_LITERAL_CONVERSION = YES;
				CLANG_WARN_OBJC_ROOT_CLASS = YES_ERROR;
				CLANG_WARN_QUOTED_INCLUDE_IN_FRAMEWORK_HEADER = YES;
				CLANG_WARN_RANGE_LOOP_ANALYSIS = YES;
				CLANG_WARN_STRICT_PROTOTYPES = YES;
				CLANG_WARN_SUSPICIOUS_MOVE = YES;
				CLANG_WARN_UNGUARDED_AVAILABILITY = YES_AGGRESSIVE;
				CLANG_WARN_UNREACHABLE_CODE = YES;
				CLANG_WARN__DUPLICATE_METHOD_MATCH = YES;
				COPY_PHASE_STRIP = NO;
				DEBUG_INFORMATION_FORMAT = dwarf;
				ENABLE_STRICT_OBJC_MSGSEND = YES;
				ENABLE_TESTABILITY = YES;
				GCC_C_LANGUAGE_STANDARD = gnu11;
				GCC_DYNAMIC_NO_PIC = NO;
				GCC_NO_COMMON_BLOCKS = YES;
				GCC_OPTIMIZATION_LEVEL = 0;
				GCC_PREPROCESSOR_DEFINITIONS = (
					"DEBUG=1",
					"$(inherited)",
				);
				GCC_WARN_64_TO_32_BIT_CONVERSION = YES;
				GCC_WARN_ABOUT_RETURN_TYPE = YES_ERROR;
				GCC_WARN_UNDECLARED_SELECTOR = YES;
				GCC_WARN_UNINITIALIZED_AUTOS = YES_AGGRESSIVE;
				GCC_WARN_UNUSED_FUNCTION = YES;
				GCC_WARN_UNUSED_VARIABLE = YES;
				IPHONEOS_DEPLOYMENT_TARGET = 15.0;
				MTL_ENABLE_DEBUG_INFO = INCLUDE_SOURCE;
				MTL_FAST_MATH = YES;
				ONLY_ACTIVE_ARCH = YES;
				SDKROOT = iphoneos;
				SWIFT_ACTIVE_COMPILATION_CONDITIONS = DEBUG;
				SWIFT_OPTIMIZATION_LEVEL = "-Onone";
			};
			name = Debug;
		};
		196E494627C613F30066233E /* Release */ = {
			isa = XCBuildConfiguration;
			buildSettings = {
				ALWAYS_SEARCH_USER_PATHS = NO;
				CLANG_ANALYZER_NONNULL = YES;
				CLANG_ANALYZER_NUMBER_OBJECT_CONVERSION = YES_AGGRESSIVE;
				CLANG_CXX_LANGUAGE_STANDARD = "gnu++17";
				CLANG_CXX_LIBRARY = "libc++";
				CLANG_ENABLE_MODULES = YES;
				CLANG_ENABLE_OBJC_ARC = YES;
				CLANG_ENABLE_OBJC_WEAK = YES;
				CLANG_WARN_BLOCK_CAPTURE_AUTORELEASING = YES;
				CLANG_WARN_BOOL_CONVERSION = YES;
				CLANG_WARN_COMMA = YES;
				CLANG_WARN_CONSTANT_CONVERSION = YES;
				CLANG_WARN_DEPRECATED_OBJC_IMPLEMENTATIONS = YES;
				CLANG_WARN_DIRECT_OBJC_ISA_USAGE = YES_ERROR;
				CLANG_WARN_DOCUMENTATION_COMMENTS = YES;
				CLANG_WARN_EMPTY_BODY = YES;
				CLANG_WARN_ENUM_CONVERSION = YES;
				CLANG_WARN_INFINITE_RECURSION = YES;
				CLANG_WARN_INT_CONVERSION = YES;
				CLANG_WARN_NON_LITERAL_NULL_CONVERSION = YES;
				CLANG_WARN_OBJC_IMPLICIT_RETAIN_SELF = YES;
				CLANG_WARN_OBJC_LITERAL_CONVERSION = YES;
				CLANG_WARN_OBJC_ROOT_CLASS = YES_ERROR;
				CLANG_WARN_QUOTED_INCLUDE_IN_FRAMEWORK_HEADER = YES;
				CLANG_WARN_RANGE_LOOP_ANALYSIS = YES;
				CLANG_WARN_STRICT_PROTOTYPES = YES;
				CLANG_WARN_SUSPICIOUS_MOVE = YES;
				CLANG_WARN_UNGUARDED_AVAILABILITY = YES_AGGRESSIVE;
				CLANG_WARN_UNREACHABLE_CODE = YES;
				CLANG_WARN__DUPLICATE_METHOD_MATCH = YES;
				COPY_PHASE_STRIP = NO;
				DEBUG_INFORMATION_FORMAT = "dwarf-with-dsym";
				ENABLE_NS_ASSERTIONS = NO;
				ENABLE_STRICT_OBJC_MSGSEND = YES;
				GCC_C_LANGUAGE_STANDARD = gnu11;
				GCC_NO_COMMON_BLOCKS = YES;
				GCC_WARN_64_TO_32_BIT_CONVERSION = YES;
				GCC_WARN_ABOUT_RETURN_TYPE = YES_ERROR;
				GCC_WARN_UNDECLARED_SELECTOR = YES;
				GCC_WARN_UNINITIALIZED_AUTOS = YES_AGGRESSIVE;
				GCC_WARN_UNUSED_FUNCTION = YES;
				GCC_WARN_UNUSED_VARIABLE = YES;
				IPHONEOS_DEPLOYMENT_TARGET = 15.0;
				MTL_ENABLE_DEBUG_INFO = NO;
				MTL_FAST_MATH = YES;
				SDKROOT = iphoneos;
				SWIFT_COMPILATION_MODE = wholemodule;
				SWIFT_OPTIMIZATION_LEVEL = "-O";
				VALIDATE_PRODUCT = YES;
			};
			name = Release;
		};
		196E494827C613F30066233E /* Debug */ = {
			isa = XCBuildConfiguration;
			buildSettings = {
				ASSETCATALOG_COMPILER_APPICON_NAME = AppIcon;
				ASSETCATALOG_COMPILER_GLOBAL_ACCENT_COLOR_NAME = AccentColor;
				CODE_SIGN_STYLE = Automatic;
				CURRENT_PROJECT_VERSION = 1;
				DEVELOPMENT_TEAM = YWXSMYA562;
				GENERATE_INFOPLIST_FILE = YES;
				INFOPLIST_FILE = Accuweather/Info.plist;
				INFOPLIST_KEY_UIApplicationSupportsIndirectInputEvents = YES;
				INFOPLIST_KEY_UILaunchStoryboardName = LaunchScreen;
				INFOPLIST_KEY_UIMainStoryboardFile = Main;
				INFOPLIST_KEY_UISupportedInterfaceOrientations_iPad = "UIInterfaceOrientationPortrait UIInterfaceOrientationPortraitUpsideDown UIInterfaceOrientationLandscapeLeft UIInterfaceOrientationLandscapeRight";
				INFOPLIST_KEY_UISupportedInterfaceOrientations_iPhone = "UIInterfaceOrientationPortrait UIInterfaceOrientationLandscapeLeft UIInterfaceOrientationLandscapeRight";
				LD_RUNPATH_SEARCH_PATHS = (
					"$(inherited)",
					"@executable_path/Frameworks",
				);
				MARKETING_VERSION = 1.0;
				PRODUCT_BUNDLE_IDENTIFIER = com.app.Accuweather;
				PRODUCT_NAME = "$(TARGET_NAME)";
				SWIFT_EMIT_LOC_STRINGS = YES;
				SWIFT_VERSION = 5.0;
				TARGETED_DEVICE_FAMILY = "1,2";
			};
			name = Debug;
		};
		196E494927C613F30066233E /* Release */ = {
			isa = XCBuildConfiguration;
			buildSettings = {
				ASSETCATALOG_COMPILER_APPICON_NAME = AppIcon;
				ASSETCATALOG_COMPILER_GLOBAL_ACCENT_COLOR_NAME = AccentColor;
				CODE_SIGN_STYLE = Automatic;
				CURRENT_PROJECT_VERSION = 1;
				DEVELOPMENT_TEAM = YWXSMYA562;
				GENERATE_INFOPLIST_FILE = YES;
				INFOPLIST_FILE = Accuweather/Info.plist;
				INFOPLIST_KEY_UIApplicationSupportsIndirectInputEvents = YES;
				INFOPLIST_KEY_UILaunchStoryboardName = LaunchScreen;
				INFOPLIST_KEY_UIMainStoryboardFile = Main;
				INFOPLIST_KEY_UISupportedInterfaceOrientations_iPad = "UIInterfaceOrientationPortrait UIInterfaceOrientationPortraitUpsideDown UIInterfaceOrientationLandscapeLeft UIInterfaceOrientationLandscapeRight";
				INFOPLIST_KEY_UISupportedInterfaceOrientations_iPhone = "UIInterfaceOrientationPortrait UIInterfaceOrientationLandscapeLeft UIInterfaceOrientationLandscapeRight";
				LD_RUNPATH_SEARCH_PATHS = (
					"$(inherited)",
					"@executable_path/Frameworks",
				);
				MARKETING_VERSION = 1.0;
				PRODUCT_BUNDLE_IDENTIFIER = com.app.Accuweather;
				PRODUCT_NAME = "$(TARGET_NAME)";
				SWIFT_EMIT_LOC_STRINGS = YES;
				SWIFT_VERSION = 5.0;
				TARGETED_DEVICE_FAMILY = "1,2";
			};
			name = Release;
		};
		196E494B27C613F30066233E /* Debug */ = {
			isa = XCBuildConfiguration;
			buildSettings = {
				ALWAYS_EMBED_SWIFT_STANDARD_LIBRARIES = YES;
				BUNDLE_LOADER = "$(TEST_HOST)";
				CODE_SIGN_STYLE = Automatic;
				CURRENT_PROJECT_VERSION = 1;
				DEVELOPMENT_TEAM = YWXSMYA562;
				GENERATE_INFOPLIST_FILE = YES;
				IPHONEOS_DEPLOYMENT_TARGET = 15.0;
				LD_RUNPATH_SEARCH_PATHS = (
					"$(inherited)",
					"@executable_path/Frameworks",
					"@loader_path/Frameworks",
				);
				MARKETING_VERSION = 1.0;
				PRODUCT_BUNDLE_IDENTIFIER = com.app.AccuweatherTests;
				PRODUCT_NAME = "$(TARGET_NAME)";
				SWIFT_EMIT_LOC_STRINGS = NO;
				SWIFT_VERSION = 5.0;
				TARGETED_DEVICE_FAMILY = "1,2";
				TEST_HOST = "$(BUILT_PRODUCTS_DIR)/Accuweather.app/Accuweather";
			};
			name = Debug;
		};
		196E494C27C613F30066233E /* Release */ = {
			isa = XCBuildConfiguration;
			buildSettings = {
				ALWAYS_EMBED_SWIFT_STANDARD_LIBRARIES = YES;
				BUNDLE_LOADER = "$(TEST_HOST)";
				CODE_SIGN_STYLE = Automatic;
				CURRENT_PROJECT_VERSION = 1;
				DEVELOPMENT_TEAM = YWXSMYA562;
				GENERATE_INFOPLIST_FILE = YES;
				IPHONEOS_DEPLOYMENT_TARGET = 15.0;
				LD_RUNPATH_SEARCH_PATHS = (
					"$(inherited)",
					"@executable_path/Frameworks",
					"@loader_path/Frameworks",
				);
				MARKETING_VERSION = 1.0;
				PRODUCT_BUNDLE_IDENTIFIER = com.app.AccuweatherTests;
				PRODUCT_NAME = "$(TARGET_NAME)";
				SWIFT_EMIT_LOC_STRINGS = NO;
				SWIFT_VERSION = 5.0;
				TARGETED_DEVICE_FAMILY = "1,2";
				TEST_HOST = "$(BUILT_PRODUCTS_DIR)/Accuweather.app/Accuweather";
			};
			name = Release;
		};
		196E494E27C613F30066233E /* Debug */ = {
			isa = XCBuildConfiguration;
			buildSettings = {
				ALWAYS_EMBED_SWIFT_STANDARD_LIBRARIES = YES;
				CODE_SIGN_STYLE = Automatic;
				CURRENT_PROJECT_VERSION = 1;
				DEVELOPMENT_TEAM = YWXSMYA562;
				GENERATE_INFOPLIST_FILE = YES;
				LD_RUNPATH_SEARCH_PATHS = (
					"$(inherited)",
					"@executable_path/Frameworks",
					"@loader_path/Frameworks",
				);
				MARKETING_VERSION = 1.0;
				PRODUCT_BUNDLE_IDENTIFIER = com.app.AccuweatherUITests;
				PRODUCT_NAME = "$(TARGET_NAME)";
				SWIFT_EMIT_LOC_STRINGS = NO;
				SWIFT_VERSION = 5.0;
				TARGETED_DEVICE_FAMILY = "1,2";
				TEST_TARGET_NAME = Accuweather;
			};
			name = Debug;
		};
		196E494F27C613F30066233E /* Release */ = {
			isa = XCBuildConfiguration;
			buildSettings = {
				ALWAYS_EMBED_SWIFT_STANDARD_LIBRARIES = YES;
				CODE_SIGN_STYLE = Automatic;
				CURRENT_PROJECT_VERSION = 1;
				DEVELOPMENT_TEAM = YWXSMYA562;
				GENERATE_INFOPLIST_FILE = YES;
				LD_RUNPATH_SEARCH_PATHS = (
					"$(inherited)",
					"@executable_path/Frameworks",
					"@loader_path/Frameworks",
				);
				MARKETING_VERSION = 1.0;
				PRODUCT_BUNDLE_IDENTIFIER = com.app.AccuweatherUITests;
				PRODUCT_NAME = "$(TARGET_NAME)";
				SWIFT_EMIT_LOC_STRINGS = NO;
				SWIFT_VERSION = 5.0;
				TARGETED_DEVICE_FAMILY = "1,2";
				TEST_TARGET_NAME = Accuweather;
			};
			name = Release;
		};
/* End XCBuildConfiguration section */

/* Begin XCConfigurationList section */
		196E491827C613F20066233E /* Build configuration list for PBXProject "Accuweather" */ = {
			isa = XCConfigurationList;
			buildConfigurations = (
				196E494527C613F30066233E /* Debug */,
				196E494627C613F30066233E /* Release */,
			);
			defaultConfigurationIsVisible = 0;
			defaultConfigurationName = Release;
		};
		196E494727C613F30066233E /* Build configuration list for PBXNativeTarget "Accuweather" */ = {
			isa = XCConfigurationList;
			buildConfigurations = (
				196E494827C613F30066233E /* Debug */,
				196E494927C613F30066233E /* Release */,
			);
			defaultConfigurationIsVisible = 0;
			defaultConfigurationName = Release;
		};
		196E494A27C613F30066233E /* Build configuration list for PBXNativeTarget "AccuweatherTests" */ = {
			isa = XCConfigurationList;
			buildConfigurations = (
				196E494B27C613F30066233E /* Debug */,
				196E494C27C613F30066233E /* Release */,
			);
			defaultConfigurationIsVisible = 0;
			defaultConfigurationName = Release;
		};
		196E494D27C613F30066233E /* Build configuration list for PBXNativeTarget "AccuweatherUITests" */ = {
			isa = XCConfigurationList;
			buildConfigurations = (
				196E494E27C613F30066233E /* Debug */,
				196E494F27C613F30066233E /* Release */,
			);
			defaultConfigurationIsVisible = 0;
			defaultConfigurationName = Release;
		};
/* End XCConfigurationList section */
	};
	rootObject = 196E491527C613F20066233E /* Project object */;
}
